// !$*UTF8*$!
{
	archiveVersion = 1;
	classes = {
	};
	objectVersion = 51;
	objects = {

/* Begin PBXBuildFile section */
		0046315D260E61AE6E34A3BA /* RepoListView.swift in Sources */ = {isa = PBXBuildFile; fileRef = 29634B8FB1BBBA174309D845 /* RepoListView.swift */; };
		03A3DB8470031693E344E3BC /* RepoDetailView.swift in Sources */ = {isa = PBXBuildFile; fileRef = 3BC9235EF3C4EF3E9E11837B /* RepoDetailView.swift */; };
		0F436D34FF3218C66A70D578 /* SplashReducer.swift in Sources */ = {isa = PBXBuildFile; fileRef = 7378F60AB8AA3A64DE619B51 /* SplashReducer.swift */; };
		1F1EEC8337382F61F581BFB7 /* RootReducer.swift in Sources */ = {isa = PBXBuildFile; fileRef = BC29E769CA3FEDB0E2B2BDB1 /* RootReducer.swift */; };
		279E24262794158E1BE15177 /* LoginReducer.swift in Sources */ = {isa = PBXBuildFile; fileRef = 17AEB0FC720BCB0703B32769 /* LoginReducer.swift */; };
		2BBCBE3E8F59A89BDA08A4C6 /* SettingsReducer.swift in Sources */ = {isa = PBXBuildFile; fileRef = 32256E54C14697EECBD6AFE4 /* SettingsReducer.swift */; };
		31512F9622769DD2B3F12C75 /* RootViewModel.swift in Sources */ = {isa = PBXBuildFile; fileRef = A2F779DB2FE46E5DA777B1F7 /* RootViewModel.swift */; };
		3B6A26A1F2D41085446A76E2 /* MainRepresenter.swift in Sources */ = {isa = PBXBuildFile; fileRef = F9FC326AB9C430F6C3F9C6DF /* MainRepresenter.swift */; };
		5336186225EB8D4300B99C32 /* Store.swift in Sources */ = {isa = PBXBuildFile; fileRef = 5336186125EB8D4300B99C32 /* Store.swift */; };
		53924C8C25EA210D0039EE4F /* GitRepoListApp.swift in Sources */ = {isa = PBXBuildFile; fileRef = 53924C8B25EA210D0039EE4F /* GitRepoListApp.swift */; };
		53924C9025EA210F0039EE4F /* Assets.xcassets in Resources */ = {isa = PBXBuildFile; fileRef = 53924C8F25EA210F0039EE4F /* Assets.xcassets */; };
		53924C9325EA210F0039EE4F /* Preview Assets.xcassets in Resources */ = {isa = PBXBuildFile; fileRef = 53924C9225EA210F0039EE4F /* Preview Assets.xcassets */; };
		53924C9525EA210F0039EE4F /* PersistenceController.swift in Sources */ = {isa = PBXBuildFile; fileRef = 53924C9425EA210F0039EE4F /* PersistenceController.swift */; };
		53924C9825EA210F0039EE4F /* GitRepoList.xcdatamodeld in Sources */ = {isa = PBXBuildFile; fileRef = 53924C9625EA210F0039EE4F /* GitRepoList.xcdatamodeld */; };
		53B7872625EB7829007FC843 /* RepoListReducer.swift in Sources */ = {isa = PBXBuildFile; fileRef = 53B7872525EB7829007FC843 /* RepoListReducer.swift */; };
		53C3F69F25EAA2BB00692151 /* R.generated.swift in Sources */ = {isa = PBXBuildFile; fileRef = 53C3F69E25EAA2BB00692151 /* R.generated.swift */; };
		53DE648825EB3BCC0027F8D7 /* RepoListRow.swift in Sources */ = {isa = PBXBuildFile; fileRef = 53DE648725EB3BCC0027F8D7 /* RepoListRow.swift */; };
		53DE648E25EB3D000027F8D7 /* Repository.swift in Sources */ = {isa = PBXBuildFile; fileRef = 53DE648D25EB3D000027F8D7 /* Repository.swift */; };
		53DE649325EB3E4A0027F8D7 /* RepoListSearchResult.swift in Sources */ = {isa = PBXBuildFile; fileRef = 53DE649225EB3E4A0027F8D7 /* RepoListSearchResult.swift */; };
		53DE649B25EB45F30027F8D7 /* Owner.swift in Sources */ = {isa = PBXBuildFile; fileRef = 53DE649A25EB45F30027F8D7 /* Owner.swift */; };
		53DE649E25EB508E0027F8D7 /* RepoListSearchResultItem.swift in Sources */ = {isa = PBXBuildFile; fileRef = 53DE649D25EB508E0027F8D7 /* RepoListSearchResultItem.swift */; };
		53DE64A125EB51630027F8D7 /* RepoListSearchResultOwner.swift in Sources */ = {isa = PBXBuildFile; fileRef = 53DE64A025EB51630027F8D7 /* RepoListSearchResultOwner.swift */; };
		53DE64AE25EB69C60027F8D7 /* RepoListRowView.swift in Sources */ = {isa = PBXBuildFile; fileRef = 53DE64AD25EB69C60027F8D7 /* RepoListRowView.swift */; };
		5B583705F94EFCFD2106592C /* RepoDetailReducer.swift in Sources */ = {isa = PBXBuildFile; fileRef = E607D0493828AA5DD7613084 /* RepoDetailReducer.swift */; };
		5B9F128B5EB0FC738EFF4944 /* SplashView.swift in Sources */ = {isa = PBXBuildFile; fileRef = EF2981D0439DA99453CF9522 /* SplashView.swift */; };
		5D9533EEEB0A571CE02D4FAC /* SettingsRepository.swift in Sources */ = {isa = PBXBuildFile; fileRef = 826DCED21ED4EF9EC70572D4 /* SettingsRepository.swift */; };
		6837321DDC54C5DC36B6D3B8 /* SplashRepository.swift in Sources */ = {isa = PBXBuildFile; fileRef = E8B09AE06E4FF2F9B1097B4B /* SplashRepository.swift */; };
		7101DEB547ADB015B03B1387 /* SettingsViewModel.swift in Sources */ = {isa = PBXBuildFile; fileRef = 8122B89C94EE592E19EB00F8 /* SettingsViewModel.swift */; };
		7A888D6ABC9C976C28B88B56 /* SettingsView.swift in Sources */ = {isa = PBXBuildFile; fileRef = 7C9AE2A3CCC81422CC42BFF1 /* SettingsView.swift */; };
		7AD6BCF611CC81FF834BEF5A /* MainView.swift in Sources */ = {isa = PBXBuildFile; fileRef = BBF39E5BA6C877BF2ED14E76 /* MainView.swift */; };
		82BEC67273E0C8556AED0AAA /* RootRepository.swift in Sources */ = {isa = PBXBuildFile; fileRef = 1B3BD966830E5A3B463A8FAE /* RootRepository.swift */; };
		83D28106F80EDB7769E2CB15 /* LoginRepository.swift in Sources */ = {isa = PBXBuildFile; fileRef = EE184E2F162D33015AE6C684 /* LoginRepository.swift */; };
		87753ACFB6C4A503351FD906 /* MainRepository.swift in Sources */ = {isa = PBXBuildFile; fileRef = 7680E0A5AD06201F66F5C375 /* MainRepository.swift */; };
		8BF01E3790C263856B532F17 /* MainViewModel.swift in Sources */ = {isa = PBXBuildFile; fileRef = A084964A250B807818700B72 /* MainViewModel.swift */; };
		9C68FB4753975A5C9D77D06C /* Pods_GitRepoList.framework in Frameworks */ = {isa = PBXBuildFile; fileRef = 08EEB49CDB5F008983C41876 /* Pods_GitRepoList.framework */; };
		A682FF101B30C3810CE8C1DE /* RepoDetailRepository.swift in Sources */ = {isa = PBXBuildFile; fileRef = 1E2819B277D5880C85F27B5F /* RepoDetailRepository.swift */; };
		ACADD8DE700C044EC83BE77C /* RepoListViewModel.swift in Sources */ = {isa = PBXBuildFile; fileRef = 1FE030FB70C186EA83781F7C /* RepoListViewModel.swift */; };
		BEAC32845C4E36FE2266B020 /* RootView.swift in Sources */ = {isa = PBXBuildFile; fileRef = 59C044E33EAD816747F34703 /* RootView.swift */; };
		CCCEC968710FC30C730A89E2 /* LoginViewModel.swift in Sources */ = {isa = PBXBuildFile; fileRef = D3BC886B8061A275C9829768 /* LoginViewModel.swift */; };
		CCDDEF2F84D7C550E6984C3D /* LoginView.swift in Sources */ = {isa = PBXBuildFile; fileRef = 69FD61D3D9E0581F330C6AAF /* LoginView.swift */; };
		D373F33DB4E6AFF8E83C5631 /* RepoListRepository.swift in Sources */ = {isa = PBXBuildFile; fileRef = E15B6D1F408AC093805B1647 /* RepoListRepository.swift */; };
		F112C5CF1C7F163AFF371518 /* SplashViewModel.swift in Sources */ = {isa = PBXBuildFile; fileRef = 6B5B74A4436FAB810A00D045 /* SplashViewModel.swift */; };
		F70AAF3940C31753C26FAC68 /* RepoDetailViewModel.swift in Sources */ = {isa = PBXBuildFile; fileRef = A4E82F394B211D4EFD7860AF /* RepoDetailViewModel.swift */; };
/* End PBXBuildFile section */

/* Begin PBXFileReference section */
		02F254600DEDF5896ACFA26E /* Pods-GitRepoList-GitRepoListUITests.debug.xcconfig */ = {isa = PBXFileReference; includeInIndex = 1; lastKnownFileType = text.xcconfig; name = "Pods-GitRepoList-GitRepoListUITests.debug.xcconfig"; path = "Target Support Files/Pods-GitRepoList-GitRepoListUITests/Pods-GitRepoList-GitRepoListUITests.debug.xcconfig"; sourceTree = "<group>"; };
		08EEB49CDB5F008983C41876 /* Pods_GitRepoList.framework */ = {isa = PBXFileReference; explicitFileType = wrapper.framework; includeInIndex = 0; path = Pods_GitRepoList.framework; sourceTree = BUILT_PRODUCTS_DIR; };
		17AEB0FC720BCB0703B32769 /* LoginReducer.swift */ = {isa = PBXFileReference; includeInIndex = 1; lastKnownFileType = sourcecode.swift; path = LoginReducer.swift; sourceTree = "<group>"; };
		1B3BD966830E5A3B463A8FAE /* RootRepository.swift */ = {isa = PBXFileReference; includeInIndex = 1; lastKnownFileType = sourcecode.swift; path = RootRepository.swift; sourceTree = "<group>"; };
		1E2819B277D5880C85F27B5F /* RepoDetailRepository.swift */ = {isa = PBXFileReference; includeInIndex = 1; lastKnownFileType = sourcecode.swift; path = RepoDetailRepository.swift; sourceTree = "<group>"; };
		1FE030FB70C186EA83781F7C /* RepoListViewModel.swift */ = {isa = PBXFileReference; includeInIndex = 1; lastKnownFileType = sourcecode.swift; path = RepoListViewModel.swift; sourceTree = "<group>"; };
		29634B8FB1BBBA174309D845 /* RepoListView.swift */ = {isa = PBXFileReference; includeInIndex = 1; lastKnownFileType = sourcecode.swift; path = RepoListView.swift; sourceTree = "<group>"; };
		32256E54C14697EECBD6AFE4 /* SettingsReducer.swift */ = {isa = PBXFileReference; includeInIndex = 1; lastKnownFileType = sourcecode.swift; path = SettingsReducer.swift; sourceTree = "<group>"; };
		3BC9235EF3C4EF3E9E11837B /* RepoDetailView.swift */ = {isa = PBXFileReference; includeInIndex = 1; lastKnownFileType = sourcecode.swift; path = RepoDetailView.swift; sourceTree = "<group>"; };
		5336186125EB8D4300B99C32 /* Store.swift */ = {isa = PBXFileReference; lastKnownFileType = sourcecode.swift; path = Store.swift; sourceTree = "<group>"; };
		53924C8825EA210D0039EE4F /* GitRepoList.app */ = {isa = PBXFileReference; explicitFileType = wrapper.application; includeInIndex = 0; path = GitRepoList.app; sourceTree = BUILT_PRODUCTS_DIR; };
		53924C8B25EA210D0039EE4F /* GitRepoListApp.swift */ = {isa = PBXFileReference; lastKnownFileType = sourcecode.swift; path = GitRepoListApp.swift; sourceTree = "<group>"; };
		53924C8F25EA210F0039EE4F /* Assets.xcassets */ = {isa = PBXFileReference; lastKnownFileType = folder.assetcatalog; path = Assets.xcassets; sourceTree = "<group>"; };
		53924C9225EA210F0039EE4F /* Preview Assets.xcassets */ = {isa = PBXFileReference; lastKnownFileType = folder.assetcatalog; path = "Preview Assets.xcassets"; sourceTree = "<group>"; };
		53924C9425EA210F0039EE4F /* PersistenceController.swift */ = {isa = PBXFileReference; lastKnownFileType = sourcecode.swift; path = PersistenceController.swift; sourceTree = "<group>"; };
		53924C9725EA210F0039EE4F /* GitRepoList.xcdatamodel */ = {isa = PBXFileReference; lastKnownFileType = wrapper.xcdatamodel; path = GitRepoList.xcdatamodel; sourceTree = "<group>"; };
		53924C9925EA210F0039EE4F /* Info.plist */ = {isa = PBXFileReference; lastKnownFileType = text.plist.xml; path = Info.plist; sourceTree = "<group>"; };
		53B7872525EB7829007FC843 /* RepoListReducer.swift */ = {isa = PBXFileReference; lastKnownFileType = sourcecode.swift; path = RepoListReducer.swift; sourceTree = "<group>"; };
		53C3F69E25EAA2BB00692151 /* R.generated.swift */ = {isa = PBXFileReference; fileEncoding = 4; lastKnownFileType = sourcecode.swift; path = R.generated.swift; sourceTree = "<group>"; };
		53DE648725EB3BCC0027F8D7 /* RepoListRow.swift */ = {isa = PBXFileReference; lastKnownFileType = sourcecode.swift; path = RepoListRow.swift; sourceTree = "<group>"; };
		53DE648D25EB3D000027F8D7 /* Repository.swift */ = {isa = PBXFileReference; lastKnownFileType = sourcecode.swift; path = Repository.swift; sourceTree = "<group>"; };
		53DE649225EB3E4A0027F8D7 /* RepoListSearchResult.swift */ = {isa = PBXFileReference; lastKnownFileType = sourcecode.swift; path = RepoListSearchResult.swift; sourceTree = "<group>"; };
		53DE649A25EB45F30027F8D7 /* Owner.swift */ = {isa = PBXFileReference; lastKnownFileType = sourcecode.swift; path = Owner.swift; sourceTree = "<group>"; };
		53DE649D25EB508E0027F8D7 /* RepoListSearchResultItem.swift */ = {isa = PBXFileReference; lastKnownFileType = sourcecode.swift; path = RepoListSearchResultItem.swift; sourceTree = "<group>"; };
		53DE64A025EB51630027F8D7 /* RepoListSearchResultOwner.swift */ = {isa = PBXFileReference; lastKnownFileType = sourcecode.swift; path = RepoListSearchResultOwner.swift; sourceTree = "<group>"; };
		53DE64AD25EB69C60027F8D7 /* RepoListRowView.swift */ = {isa = PBXFileReference; lastKnownFileType = sourcecode.swift; path = RepoListRowView.swift; sourceTree = "<group>"; };
		59C044E33EAD816747F34703 /* RootView.swift */ = {isa = PBXFileReference; includeInIndex = 1; lastKnownFileType = sourcecode.swift; path = RootView.swift; sourceTree = "<group>"; };
		69FD61D3D9E0581F330C6AAF /* LoginView.swift */ = {isa = PBXFileReference; includeInIndex = 1; lastKnownFileType = sourcecode.swift; path = LoginView.swift; sourceTree = "<group>"; };
		6B5B74A4436FAB810A00D045 /* SplashViewModel.swift */ = {isa = PBXFileReference; includeInIndex = 1; lastKnownFileType = sourcecode.swift; path = SplashViewModel.swift; sourceTree = "<group>"; };
		7378F60AB8AA3A64DE619B51 /* SplashReducer.swift */ = {isa = PBXFileReference; includeInIndex = 1; lastKnownFileType = sourcecode.swift; path = SplashReducer.swift; sourceTree = "<group>"; };
		75E6E1C9F1258804E2B2C007 /* Pods-GitRepoList.debug.xcconfig */ = {isa = PBXFileReference; includeInIndex = 1; lastKnownFileType = text.xcconfig; name = "Pods-GitRepoList.debug.xcconfig"; path = "Target Support Files/Pods-GitRepoList/Pods-GitRepoList.debug.xcconfig"; sourceTree = "<group>"; };
		7680E0A5AD06201F66F5C375 /* MainRepository.swift */ = {isa = PBXFileReference; includeInIndex = 1; lastKnownFileType = sourcecode.swift; path = MainRepository.swift; sourceTree = "<group>"; };
		7C9AE2A3CCC81422CC42BFF1 /* SettingsView.swift */ = {isa = PBXFileReference; includeInIndex = 1; lastKnownFileType = sourcecode.swift; path = SettingsView.swift; sourceTree = "<group>"; };
		8122B89C94EE592E19EB00F8 /* SettingsViewModel.swift */ = {isa = PBXFileReference; includeInIndex = 1; lastKnownFileType = sourcecode.swift; path = SettingsViewModel.swift; sourceTree = "<group>"; };
		826DCED21ED4EF9EC70572D4 /* SettingsRepository.swift */ = {isa = PBXFileReference; includeInIndex = 1; lastKnownFileType = sourcecode.swift; path = SettingsRepository.swift; sourceTree = "<group>"; };
		8FC381867278895728F5C5D0 /* Pods-GitRepoList.release.xcconfig */ = {isa = PBXFileReference; includeInIndex = 1; lastKnownFileType = text.xcconfig; name = "Pods-GitRepoList.release.xcconfig"; path = "Target Support Files/Pods-GitRepoList/Pods-GitRepoList.release.xcconfig"; sourceTree = "<group>"; };
		A084964A250B807818700B72 /* MainViewModel.swift */ = {isa = PBXFileReference; includeInIndex = 1; lastKnownFileType = sourcecode.swift; path = MainViewModel.swift; sourceTree = "<group>"; };
		A25D50992F6578EC94119C4C /* Pods-GitRepoListTests.release.xcconfig */ = {isa = PBXFileReference; includeInIndex = 1; lastKnownFileType = text.xcconfig; name = "Pods-GitRepoListTests.release.xcconfig"; path = "Target Support Files/Pods-GitRepoListTests/Pods-GitRepoListTests.release.xcconfig"; sourceTree = "<group>"; };
		A2F779DB2FE46E5DA777B1F7 /* RootViewModel.swift */ = {isa = PBXFileReference; includeInIndex = 1; lastKnownFileType = sourcecode.swift; path = RootViewModel.swift; sourceTree = "<group>"; };
		A4E82F394B211D4EFD7860AF /* RepoDetailViewModel.swift */ = {isa = PBXFileReference; includeInIndex = 1; lastKnownFileType = sourcecode.swift; path = RepoDetailViewModel.swift; sourceTree = "<group>"; };
		ABED8760369255D5C726228A /* Pods-GitRepoList-GitRepoListUITests.release.xcconfig */ = {isa = PBXFileReference; includeInIndex = 1; lastKnownFileType = text.xcconfig; name = "Pods-GitRepoList-GitRepoListUITests.release.xcconfig"; path = "Target Support Files/Pods-GitRepoList-GitRepoListUITests/Pods-GitRepoList-GitRepoListUITests.release.xcconfig"; sourceTree = "<group>"; };
		BBF39E5BA6C877BF2ED14E76 /* MainView.swift */ = {isa = PBXFileReference; includeInIndex = 1; lastKnownFileType = sourcecode.swift; path = MainView.swift; sourceTree = "<group>"; };
		BC29E769CA3FEDB0E2B2BDB1 /* RootReducer.swift */ = {isa = PBXFileReference; includeInIndex = 1; lastKnownFileType = sourcecode.swift; path = RootReducer.swift; sourceTree = "<group>"; };
		D3BC886B8061A275C9829768 /* LoginViewModel.swift */ = {isa = PBXFileReference; includeInIndex = 1; lastKnownFileType = sourcecode.swift; path = LoginViewModel.swift; sourceTree = "<group>"; };
		E15B6D1F408AC093805B1647 /* RepoListRepository.swift */ = {isa = PBXFileReference; includeInIndex = 1; lastKnownFileType = sourcecode.swift; path = RepoListRepository.swift; sourceTree = "<group>"; };
		E607D0493828AA5DD7613084 /* RepoDetailReducer.swift */ = {isa = PBXFileReference; includeInIndex = 1; lastKnownFileType = sourcecode.swift; path = RepoDetailReducer.swift; sourceTree = "<group>"; };
		E68BC7778063777982F8B265 /* Pods-GitRepoListTests.debug.xcconfig */ = {isa = PBXFileReference; includeInIndex = 1; lastKnownFileType = text.xcconfig; name = "Pods-GitRepoListTests.debug.xcconfig"; path = "Target Support Files/Pods-GitRepoListTests/Pods-GitRepoListTests.debug.xcconfig"; sourceTree = "<group>"; };
		E8B09AE06E4FF2F9B1097B4B /* SplashRepository.swift */ = {isa = PBXFileReference; includeInIndex = 1; lastKnownFileType = sourcecode.swift; path = SplashRepository.swift; sourceTree = "<group>"; };
		EE184E2F162D33015AE6C684 /* LoginRepository.swift */ = {isa = PBXFileReference; includeInIndex = 1; lastKnownFileType = sourcecode.swift; path = LoginRepository.swift; sourceTree = "<group>"; };
		EF2981D0439DA99453CF9522 /* SplashView.swift */ = {isa = PBXFileReference; includeInIndex = 1; lastKnownFileType = sourcecode.swift; path = SplashView.swift; sourceTree = "<group>"; };
		F69B758B2795B2A76A79A30F /* Pods_GitRepoList_GitRepoListUITests.framework */ = {isa = PBXFileReference; explicitFileType = wrapper.framework; includeInIndex = 0; path = Pods_GitRepoList_GitRepoListUITests.framework; sourceTree = BUILT_PRODUCTS_DIR; };
		F8F8F761F8AAB1EF0A94D69C /* Pods_GitRepoListTests.framework */ = {isa = PBXFileReference; explicitFileType = wrapper.framework; includeInIndex = 0; path = Pods_GitRepoListTests.framework; sourceTree = BUILT_PRODUCTS_DIR; };
		F9FC326AB9C430F6C3F9C6DF /* MainRepresenter.swift */ = {isa = PBXFileReference; includeInIndex = 1; lastKnownFileType = sourcecode.swift; path = MainRepresenter.swift; sourceTree = "<group>"; };
/* End PBXFileReference section */

/* Begin PBXFrameworksBuildPhase section */
		53924C8525EA210D0039EE4F /* Frameworks */ = {
			isa = PBXFrameworksBuildPhase;
			buildActionMask = 2147483647;
			files = (
				9C68FB4753975A5C9D77D06C /* Pods_GitRepoList.framework in Frameworks */,
			);
			runOnlyForDeploymentPostprocessing = 0;
		};
/* End PBXFrameworksBuildPhase section */

/* Begin PBXGroup section */
		034997EECEA023B301871376 /* Settings */ = {
			isa = PBXGroup;
			children = (
				BCF7493FBE7A971CDCAFB00B /* Reducer */,
				AA33A0CC4F219AD2A584C024 /* Repository */,
				2FE679A9896AA39FDDEE40A1 /* View */,
				13C01DB9378712F2A615A896 /* ViewModel */,
			);
			path = Settings;
			sourceTree = "<group>";
		};
		0823AD8835E0847D548857F8 /* View */ = {
			isa = PBXGroup;
			children = (
				53DE64AD25EB69C60027F8D7 /* RepoListRowView.swift */,
				29634B8FB1BBBA174309D845 /* RepoListView.swift */,
			);
			path = View;
			sourceTree = "<group>";
		};
		0E96FCC8FB9BDFCA2B36961A /* View */ = {
			isa = PBXGroup;
			children = (
				EF2981D0439DA99453CF9522 /* SplashView.swift */,
			);
			path = View;
			sourceTree = "<group>";
		};
		0FD244E63A0135E19739026F /* View */ = {
			isa = PBXGroup;
			children = (
				59C044E33EAD816747F34703 /* RootView.swift */,
			);
			path = View;
			sourceTree = "<group>";
		};
		13C01DB9378712F2A615A896 /* ViewModel */ = {
			isa = PBXGroup;
			children = (
				8122B89C94EE592E19EB00F8 /* SettingsViewModel.swift */,
			);
			path = ViewModel;
			sourceTree = "<group>";
		};
		1AFDA6D3F1F48EB957954070 /* View */ = {
			isa = PBXGroup;
			children = (
				69FD61D3D9E0581F330C6AAF /* LoginView.swift */,
			);
			path = View;
			sourceTree = "<group>";
		};
		20458F6033150C8BB4AD1861 /* Reducer */ = {
			isa = PBXGroup;
			children = (
				E607D0493828AA5DD7613084 /* RepoDetailReducer.swift */,
			);
			path = Reducer;
			sourceTree = "<group>";
		};
		2154E17DD28F097BDF056AE1 /* Reducer */ = {
			isa = PBXGroup;
			children = (
				17AEB0FC720BCB0703B32769 /* LoginReducer.swift */,
			);
			path = Reducer;
			sourceTree = "<group>";
		};
		232FA46195A6B340D0DE5580 /* Main */ = {
			isa = PBXGroup;
			children = (
				49B80A75C68BB44E50E49258 /* Repository */,
				2D5C0B7E0B304AFAFD6FDBF7 /* Representer */,
				8F2BCB52AE3B8A3CED56097E /* View */,
				E4A9D6E87FE630A825A786FC /* ViewModel */,
			);
			path = Main;
			sourceTree = "<group>";
		};
		29A2D4FFB43AB6097D78ADF8 /* ViewModel */ = {
			isa = PBXGroup;
			children = (
				A4E82F394B211D4EFD7860AF /* RepoDetailViewModel.swift */,
			);
			path = ViewModel;
			sourceTree = "<group>";
		};
		2D5C0B7E0B304AFAFD6FDBF7 /* Representer */ = {
			isa = PBXGroup;
			children = (
				F9FC326AB9C430F6C3F9C6DF /* MainRepresenter.swift */,
			);
			path = Representer;
			sourceTree = "<group>";
		};
		2FE679A9896AA39FDDEE40A1 /* View */ = {
			isa = PBXGroup;
			children = (
				7C9AE2A3CCC81422CC42BFF1 /* SettingsView.swift */,
			);
			path = View;
			sourceTree = "<group>";
		};
		313C7E168919E6CD0FC9A1E1 /* Repository */ = {
			isa = PBXGroup;
			children = (
				E8B09AE06E4FF2F9B1097B4B /* SplashRepository.swift */,
			);
			path = Repository;
			sourceTree = "<group>";
		};
		40161B7AA6C3CF01251B6BFC /* Repository */ = {
			isa = PBXGroup;
			children = (
				1E2819B277D5880C85F27B5F /* RepoDetailRepository.swift */,
			);
			path = Repository;
			sourceTree = "<group>";
		};
		434E152B8C9DEBFA45AF70A0 /* ViewModel */ = {
			isa = PBXGroup;
			children = (
				6B5B74A4436FAB810A00D045 /* SplashViewModel.swift */,
			);
			path = ViewModel;
			sourceTree = "<group>";
		};
		475404FA80B6F3D466DEE7AD /* Pods */ = {
			isa = PBXGroup;
			children = (
				75E6E1C9F1258804E2B2C007 /* Pods-GitRepoList.debug.xcconfig */,
				8FC381867278895728F5C5D0 /* Pods-GitRepoList.release.xcconfig */,
				02F254600DEDF5896ACFA26E /* Pods-GitRepoList-GitRepoListUITests.debug.xcconfig */,
				ABED8760369255D5C726228A /* Pods-GitRepoList-GitRepoListUITests.release.xcconfig */,
				E68BC7778063777982F8B265 /* Pods-GitRepoListTests.debug.xcconfig */,
				A25D50992F6578EC94119C4C /* Pods-GitRepoListTests.release.xcconfig */,
			);
			path = Pods;
			sourceTree = "<group>";
		};
		49B80A75C68BB44E50E49258 /* Repository */ = {
			isa = PBXGroup;
			children = (
				7680E0A5AD06201F66F5C375 /* MainRepository.swift */,
			);
			path = Repository;
			sourceTree = "<group>";
		};
		4BC0BCD25F20E360947557A4 /* Splash */ = {
			isa = PBXGroup;
			children = (
				8C16342EE6F76583B5653D4F /* Reducer */,
				313C7E168919E6CD0FC9A1E1 /* Repository */,
				0E96FCC8FB9BDFCA2B36961A /* View */,
				434E152B8C9DEBFA45AF70A0 /* ViewModel */,
			);
			path = Splash;
			sourceTree = "<group>";
		};
		53349FD925EA71760073D630 /* App */ = {
			isa = PBXGroup;
			children = (
				53DE648B25EB3CE20027F8D7 /* Common */,
				53D7E29525EBAA4100627899 /* UI */,
			);
			path = App;
			sourceTree = "<group>";
		};
		5336186025EB868500B99C32 /* Store */ = {
			isa = PBXGroup;
			children = (
				5336186125EB8D4300B99C32 /* Store.swift */,
			);
			path = Store;
			sourceTree = "<group>";
		};
		53924C7F25EA210D0039EE4F = {
			isa = PBXGroup;
			children = (
				53924C8A25EA210D0039EE4F /* GitRepoList */,
				53924C8925EA210D0039EE4F /* Products */,
				475404FA80B6F3D466DEE7AD /* Pods */,
				96E5C1A3F3D355D8071E03F7 /* Frameworks */,
			);
			sourceTree = "<group>";
		};
		53924C8925EA210D0039EE4F /* Products */ = {
			isa = PBXGroup;
			children = (
				53924C8825EA210D0039EE4F /* GitRepoList.app */,
			);
			name = Products;
			sourceTree = "<group>";
		};
		53924C8A25EA210D0039EE4F /* GitRepoList */ = {
			isa = PBXGroup;
			children = (
				53349FD925EA71760073D630 /* App */,
				53C3F69725EAA23200692151 /* Generated */,
				53924C8B25EA210D0039EE4F /* GitRepoListApp.swift */,
				53924C8F25EA210F0039EE4F /* Assets.xcassets */,
				53924C9425EA210F0039EE4F /* PersistenceController.swift */,
				53924C9925EA210F0039EE4F /* Info.plist */,
				53924C9625EA210F0039EE4F /* GitRepoList.xcdatamodeld */,
				53924C9125EA210F0039EE4F /* Preview Content */,
			);
			path = GitRepoList;
			sourceTree = "<group>";
		};
		53924C9125EA210F0039EE4F /* Preview Content */ = {
			isa = PBXGroup;
			children = (
				53924C9225EA210F0039EE4F /* Preview Assets.xcassets */,
			);
			path = "Preview Content";
			sourceTree = "<group>";
		};
		53B7872425EB7811007FC843 /* Reducer */ = {
			isa = PBXGroup;
			children = (
				53B7872525EB7829007FC843 /* RepoListReducer.swift */,
			);
			path = Reducer;
			sourceTree = "<group>";
		};
		53C3F69725EAA23200692151 /* Generated */ = {
			isa = PBXGroup;
			children = (
				53C3F69E25EAA2BB00692151 /* R.generated.swift */,
			);
			path = Generated;
			sourceTree = "<group>";
		};
		53D7E29525EBAA4100627899 /* UI */ = {
			isa = PBXGroup;
			children = (
				E4DA5122FD02532362019EBB /* Login */,
				232FA46195A6B340D0DE5580 /* Main */,
				5744ADA059DFACB957E7B329 /* RepoDetail */,
				678534D8B72E7F0F74695C9C /* RepoList */,
				9FA7A65A9B7D5E77D4263F09 /* Root */,
				034997EECEA023B301871376 /* Settings */,
				4BC0BCD25F20E360947557A4 /* Splash */,
			);
			path = UI;
			sourceTree = "<group>";
		};
		53DE648B25EB3CE20027F8D7 /* Common */ = {
			isa = PBXGroup;
			children = (
				53DE648C25EB3CEC0027F8D7 /* Model */,
				5336186025EB868500B99C32 /* Store */,
			);
			path = Common;
			sourceTree = "<group>";
		};
		53DE648C25EB3CEC0027F8D7 /* Model */ = {
			isa = PBXGroup;
			children = (
				53DE649A25EB45F30027F8D7 /* Owner.swift */,
				53DE648D25EB3D000027F8D7 /* Repository.swift */,
			);
			path = Model;
			sourceTree = "<group>";
		};
		53DE649125EB3E2F0027F8D7 /* Model */ = {
			isa = PBXGroup;
			children = (
				53DE648725EB3BCC0027F8D7 /* RepoListRow.swift */,
				53DE649225EB3E4A0027F8D7 /* RepoListSearchResult.swift */,
				53DE649D25EB508E0027F8D7 /* RepoListSearchResultItem.swift */,
				53DE64A025EB51630027F8D7 /* RepoListSearchResultOwner.swift */,
			);
			path = Model;
			sourceTree = "<group>";
		};
		5744ADA059DFACB957E7B329 /* RepoDetail */ = {
			isa = PBXGroup;
			children = (
				20458F6033150C8BB4AD1861 /* Reducer */,
				40161B7AA6C3CF01251B6BFC /* Repository */,
				C46B92003F5840BE0B46FAEC /* View */,
				29A2D4FFB43AB6097D78ADF8 /* ViewModel */,
			);
			path = RepoDetail;
			sourceTree = "<group>";
		};
		6280F02D75BC233876265224 /* ViewModel */ = {
			isa = PBXGroup;
			children = (
				D3BC886B8061A275C9829768 /* LoginViewModel.swift */,
			);
			path = ViewModel;
			sourceTree = "<group>";
		};
		678534D8B72E7F0F74695C9C /* RepoList */ = {
			isa = PBXGroup;
			children = (
				53DE649125EB3E2F0027F8D7 /* Model */,
				53B7872425EB7811007FC843 /* Reducer */,
				EECC2E39CB3E97F6330413CB /* Repository */,
				0823AD8835E0847D548857F8 /* View */,
				BE65B964D568FD3F80DBCE0F /* ViewModel */,
			);
			path = RepoList;
			sourceTree = "<group>";
		};
		8C16342EE6F76583B5653D4F /* Reducer */ = {
			isa = PBXGroup;
			children = (
				7378F60AB8AA3A64DE619B51 /* SplashReducer.swift */,
			);
			path = Reducer;
			sourceTree = "<group>";
		};
		8D73CE2820BD684AA794FEAF /* ViewModel */ = {
			isa = PBXGroup;
			children = (
				A2F779DB2FE46E5DA777B1F7 /* RootViewModel.swift */,
			);
			path = ViewModel;
			sourceTree = "<group>";
		};
		8F2BCB52AE3B8A3CED56097E /* View */ = {
			isa = PBXGroup;
			children = (
				BBF39E5BA6C877BF2ED14E76 /* MainView.swift */,
			);
			path = View;
			sourceTree = "<group>";
		};
		96E5C1A3F3D355D8071E03F7 /* Frameworks */ = {
			isa = PBXGroup;
			children = (
				08EEB49CDB5F008983C41876 /* Pods_GitRepoList.framework */,
				F69B758B2795B2A76A79A30F /* Pods_GitRepoList_GitRepoListUITests.framework */,
				F8F8F761F8AAB1EF0A94D69C /* Pods_GitRepoListTests.framework */,
			);
			name = Frameworks;
			sourceTree = "<group>";
		};
		9B83923C6C8D9355E7B3ACB6 /* Repository */ = {
			isa = PBXGroup;
			children = (
				1B3BD966830E5A3B463A8FAE /* RootRepository.swift */,
			);
			path = Repository;
			sourceTree = "<group>";
		};
		9FA7A65A9B7D5E77D4263F09 /* Root */ = {
			isa = PBXGroup;
			children = (
				ED778E43C1CA02C6839C6A1E /* Reducer */,
				9B83923C6C8D9355E7B3ACB6 /* Repository */,
				0FD244E63A0135E19739026F /* View */,
				8D73CE2820BD684AA794FEAF /* ViewModel */,
			);
			path = Root;
			sourceTree = "<group>";
		};
		AA33A0CC4F219AD2A584C024 /* Repository */ = {
			isa = PBXGroup;
			children = (
				826DCED21ED4EF9EC70572D4 /* SettingsRepository.swift */,
			);
			path = Repository;
			sourceTree = "<group>";
		};
		AEE27AEC58398B2C07A81845 /* Repository */ = {
			isa = PBXGroup;
			children = (
				EE184E2F162D33015AE6C684 /* LoginRepository.swift */,
			);
			path = Repository;
			sourceTree = "<group>";
		};
		BCF7493FBE7A971CDCAFB00B /* Reducer */ = {
			isa = PBXGroup;
			children = (
				32256E54C14697EECBD6AFE4 /* SettingsReducer.swift */,
			);
			path = Reducer;
			sourceTree = "<group>";
		};
		BE65B964D568FD3F80DBCE0F /* ViewModel */ = {
			isa = PBXGroup;
			children = (
				1FE030FB70C186EA83781F7C /* RepoListViewModel.swift */,
			);
			path = ViewModel;
			sourceTree = "<group>";
		};
		C46B92003F5840BE0B46FAEC /* View */ = {
			isa = PBXGroup;
			children = (
				3BC9235EF3C4EF3E9E11837B /* RepoDetailView.swift */,
			);
			path = View;
			sourceTree = "<group>";
		};
		E4A9D6E87FE630A825A786FC /* ViewModel */ = {
			isa = PBXGroup;
			children = (
				A084964A250B807818700B72 /* MainViewModel.swift */,
			);
			path = ViewModel;
			sourceTree = "<group>";
		};
		E4DA5122FD02532362019EBB /* Login */ = {
			isa = PBXGroup;
			children = (
				2154E17DD28F097BDF056AE1 /* Reducer */,
				AEE27AEC58398B2C07A81845 /* Repository */,
				1AFDA6D3F1F48EB957954070 /* View */,
				6280F02D75BC233876265224 /* ViewModel */,
			);
			path = Login;
			sourceTree = "<group>";
		};
		ED778E43C1CA02C6839C6A1E /* Reducer */ = {
			isa = PBXGroup;
			children = (
				BC29E769CA3FEDB0E2B2BDB1 /* RootReducer.swift */,
			);
			path = Reducer;
			sourceTree = "<group>";
		};
		EECC2E39CB3E97F6330413CB /* Repository */ = {
			isa = PBXGroup;
			children = (
				E15B6D1F408AC093805B1647 /* RepoListRepository.swift */,
			);
			path = Repository;
			sourceTree = "<group>";
		};
/* End PBXGroup section */

/* Begin PBXNativeTarget section */
		53924C8725EA210D0039EE4F /* GitRepoList */ = {
			isa = PBXNativeTarget;
			buildConfigurationList = 53924CB225EA210F0039EE4F /* Build configuration list for PBXNativeTarget "GitRepoList" */;
			buildPhases = (
				8A5CBFE3923F29AD9CDAAD97 /* [CP] Check Pods Manifest.lock */,
				538CC03225EA9E56009653C1 /* R.swift */,
				53924C8425EA210D0039EE4F /* Sources */,
				53924C8525EA210D0039EE4F /* Frameworks */,
				53924C8625EA210D0039EE4F /* Resources */,
				5334A02E25EA880A0073D630 /* ShellScript */,
				3F7D1D00A6420C94EAAAD1B4 /* [CP] Embed Pods Frameworks */,
			);
			buildRules = (
			);
			dependencies = (
			);
			name = GitRepoList;
			productName = GitRepoList;
			productReference = 53924C8825EA210D0039EE4F /* GitRepoList.app */;
			productType = "com.apple.product-type.application";
		};
/* End PBXNativeTarget section */

/* Begin PBXProject section */
		53924C8025EA210D0039EE4F /* Project object */ = {
			isa = PBXProject;
			attributes = {
				LastSwiftUpdateCheck = 1240;
				LastUpgradeCheck = 1240;
				TargetAttributes = {
					53924C8725EA210D0039EE4F = {
						CreatedOnToolsVersion = 12.4;
					};
				};
			};
			buildConfigurationList = 53924C8325EA210D0039EE4F /* Build configuration list for PBXProject "GitRepoList" */;
			compatibilityVersion = "Xcode 9.3";
			developmentRegion = en;
			hasScannedForEncodings = 0;
			knownRegions = (
				en,
				Base,
			);
			mainGroup = 53924C7F25EA210D0039EE4F;
			productRefGroup = 53924C8925EA210D0039EE4F /* Products */;
			projectDirPath = "";
			projectRoot = "";
			targets = (
				53924C8725EA210D0039EE4F /* GitRepoList */,
			);
		};
/* End PBXProject section */

/* Begin PBXResourcesBuildPhase section */
		53924C8625EA210D0039EE4F /* Resources */ = {
			isa = PBXResourcesBuildPhase;
			buildActionMask = 2147483647;
			files = (
				53924C9325EA210F0039EE4F /* Preview Assets.xcassets in Resources */,
				53924C9025EA210F0039EE4F /* Assets.xcassets in Resources */,
			);
			runOnlyForDeploymentPostprocessing = 0;
		};
/* End PBXResourcesBuildPhase section */

/* Begin PBXShellScriptBuildPhase section */
		3F7D1D00A6420C94EAAAD1B4 /* [CP] Embed Pods Frameworks */ = {
			isa = PBXShellScriptBuildPhase;
			buildActionMask = 2147483647;
			files = (
			);
			inputFileListPaths = (
				"${PODS_ROOT}/Target Support Files/Pods-GitRepoList/Pods-GitRepoList-frameworks-${CONFIGURATION}-input-files.xcfilelist",
			);
			name = "[CP] Embed Pods Frameworks";
			outputFileListPaths = (
				"${PODS_ROOT}/Target Support Files/Pods-GitRepoList/Pods-GitRepoList-frameworks-${CONFIGURATION}-output-files.xcfilelist",
			);
			runOnlyForDeploymentPostprocessing = 0;
			shellPath = /bin/sh;
			shellScript = "\"${PODS_ROOT}/Target Support Files/Pods-GitRepoList/Pods-GitRepoList-frameworks.sh\"\n";
			showEnvVarsInLog = 0;
		};
		5334A02E25EA880A0073D630 /* ShellScript */ = {
			isa = PBXShellScriptBuildPhase;
			buildActionMask = 2147483647;
			files = (
			);
			inputFileListPaths = (
			);
			inputPaths = (
			);
			outputFileListPaths = (
			);
			outputPaths = (
			);
			runOnlyForDeploymentPostprocessing = 0;
			shellPath = /bin/sh;
			shellScript = "if which mint >/dev/null; then\n  mint run swiftlint swiftlint autocorrect --format\n  mint run swiftlint swiftlint\nelse\n  echo \"warning: Mint not installed, download from https://github.com/yonaskolb/Mint\"\nfi\n";
		};
		538CC03225EA9E56009653C1 /* R.swift */ = {
			isa = PBXShellScriptBuildPhase;
			buildActionMask = 2147483647;
			files = (
			);
			inputFileListPaths = (
			);
			inputPaths = (
				"$TEMP_DIR/rswift-lastrun",
			);
			name = R.swift;
			outputFileListPaths = (
			);
			outputPaths = (
				$SRCROOT/$PROJECT_NAME/Generated/R.generated.swift,
			);
			runOnlyForDeploymentPostprocessing = 0;
			shellPath = /bin/sh;
			shellScript = "\"$PODS_ROOT/R.swift/rswift\" generate \"$SRCROOT/$PROJECT_NAME/Generated/R.generated.swift\"\n";
		};
		8A5CBFE3923F29AD9CDAAD97 /* [CP] Check Pods Manifest.lock */ = {
			isa = PBXShellScriptBuildPhase;
			buildActionMask = 2147483647;
			files = (
			);
			inputFileListPaths = (
			);
			inputPaths = (
				"${PODS_PODFILE_DIR_PATH}/Podfile.lock",
				"${PODS_ROOT}/Manifest.lock",
			);
			name = "[CP] Check Pods Manifest.lock";
			outputFileListPaths = (
			);
			outputPaths = (
				"$(DERIVED_FILE_DIR)/Pods-GitRepoList-checkManifestLockResult.txt",
			);
			runOnlyForDeploymentPostprocessing = 0;
			shellPath = /bin/sh;
			shellScript = "diff \"${PODS_PODFILE_DIR_PATH}/Podfile.lock\" \"${PODS_ROOT}/Manifest.lock\" > /dev/null\nif [ $? != 0 ] ; then\n    # print error to STDERR\n    echo \"error: The sandbox is not in sync with the Podfile.lock. Run 'pod install' or update your CocoaPods installation.\" >&2\n    exit 1\nfi\n# This output is used by Xcode 'outputs' to avoid re-running this script phase.\necho \"SUCCESS\" > \"${SCRIPT_OUTPUT_FILE_0}\"\n";
			showEnvVarsInLog = 0;
		};
/* End PBXShellScriptBuildPhase section */

/* Begin PBXSourcesBuildPhase section */
		53924C8425EA210D0039EE4F /* Sources */ = {
			isa = PBXSourcesBuildPhase;
			buildActionMask = 2147483647;
			files = (
				53924C9525EA210F0039EE4F /* PersistenceController.swift in Sources */,
				53DE64A125EB51630027F8D7 /* RepoListSearchResultOwner.swift in Sources */,
				53C3F69F25EAA2BB00692151 /* R.generated.swift in Sources */,
				53924C9825EA210F0039EE4F /* GitRepoList.xcdatamodeld in Sources */,
				53924C8C25EA210D0039EE4F /* GitRepoListApp.swift in Sources */,
				87753ACFB6C4A503351FD906 /* MainRepository.swift in Sources */,
				3B6A26A1F2D41085446A76E2 /* MainRepresenter.swift in Sources */,
				5336186225EB8D4300B99C32 /* Store.swift in Sources */,
				53DE64AE25EB69C60027F8D7 /* RepoListRowView.swift in Sources */,
				53DE649E25EB508E0027F8D7 /* RepoListSearchResultItem.swift in Sources */,
				7AD6BCF611CC81FF834BEF5A /* MainView.swift in Sources */,
				53DE648825EB3BCC0027F8D7 /* RepoListRow.swift in Sources */,
				8BF01E3790C263856B532F17 /* MainViewModel.swift in Sources */,
				D373F33DB4E6AFF8E83C5631 /* RepoListRepository.swift in Sources */,
				53DE648E25EB3D000027F8D7 /* Repository.swift in Sources */,
				53DE649325EB3E4A0027F8D7 /* RepoListSearchResult.swift in Sources */,
				0046315D260E61AE6E34A3BA /* RepoListView.swift in Sources */,
				ACADD8DE700C044EC83BE77C /* RepoListViewModel.swift in Sources */,
				53DE649B25EB45F30027F8D7 /* Owner.swift in Sources */,
				53B7872625EB7829007FC843 /* RepoListReducer.swift in Sources */,
				5B583705F94EFCFD2106592C /* RepoDetailReducer.swift in Sources */,
				A682FF101B30C3810CE8C1DE /* RepoDetailRepository.swift in Sources */,
				03A3DB8470031693E344E3BC /* RepoDetailView.swift in Sources */,
				F70AAF3940C31753C26FAC68 /* RepoDetailViewModel.swift in Sources */,
				BEAC32845C4E36FE2266B020 /* RootView.swift in Sources */,
				1F1EEC8337382F61F581BFB7 /* RootReducer.swift in Sources */,
				82BEC67273E0C8556AED0AAA /* RootRepository.swift in Sources */,
				31512F9622769DD2B3F12C75 /* RootViewModel.swift in Sources */,
				CCDDEF2F84D7C550E6984C3D /* LoginView.swift in Sources */,
				279E24262794158E1BE15177 /* LoginReducer.swift in Sources */,
				83D28106F80EDB7769E2CB15 /* LoginRepository.swift in Sources */,
				CCCEC968710FC30C730A89E2 /* LoginViewModel.swift in Sources */,
				5B9F128B5EB0FC738EFF4944 /* SplashView.swift in Sources */,
				0F436D34FF3218C66A70D578 /* SplashReducer.swift in Sources */,
				6837321DDC54C5DC36B6D3B8 /* SplashRepository.swift in Sources */,
				F112C5CF1C7F163AFF371518 /* SplashViewModel.swift in Sources */,
				2BBCBE3E8F59A89BDA08A4C6 /* SettingsReducer.swift in Sources */,
				5D9533EEEB0A571CE02D4FAC /* SettingsRepository.swift in Sources */,
				7A888D6ABC9C976C28B88B56 /* SettingsView.swift in Sources */,
				7101DEB547ADB015B03B1387 /* SettingsViewModel.swift in Sources */,
			);
			runOnlyForDeploymentPostprocessing = 0;
		};
/* End PBXSourcesBuildPhase section */

/* Begin XCBuildConfiguration section */
		53924CB025EA210F0039EE4F /* Debug */ = {
			isa = XCBuildConfiguration;
			buildSettings = {
				ALWAYS_SEARCH_USER_PATHS = NO;
				CLANG_ANALYZER_NONNULL = YES;
				CLANG_ANALYZER_NUMBER_OBJECT_CONVERSION = YES_AGGRESSIVE;
				CLANG_CXX_LANGUAGE_STANDARD = "gnu++14";
				CLANG_CXX_LIBRARY = "libc++";
				CLANG_ENABLE_MODULES = YES;
				CLANG_ENABLE_OBJC_ARC = YES;
				CLANG_ENABLE_OBJC_WEAK = YES;
				CLANG_WARN_BLOCK_CAPTURE_AUTORELEASING = YES;
				CLANG_WARN_BOOL_CONVERSION = YES;
				CLANG_WARN_COMMA = YES;
				CLANG_WARN_CONSTANT_CONVERSION = YES;
				CLANG_WARN_DEPRECATED_OBJC_IMPLEMENTATIONS = YES;
				CLANG_WARN_DIRECT_OBJC_ISA_USAGE = YES_ERROR;
				CLANG_WARN_DOCUMENTATION_COMMENTS = YES;
				CLANG_WARN_EMPTY_BODY = YES;
				CLANG_WARN_ENUM_CONVERSION = YES;
				CLANG_WARN_INFINITE_RECURSION = YES;
				CLANG_WARN_INT_CONVERSION = YES;
				CLANG_WARN_NON_LITERAL_NULL_CONVERSION = YES;
				CLANG_WARN_OBJC_IMPLICIT_RETAIN_SELF = YES;
				CLANG_WARN_OBJC_LITERAL_CONVERSION = YES;
				CLANG_WARN_OBJC_ROOT_CLASS = YES_ERROR;
				CLANG_WARN_QUOTED_INCLUDE_IN_FRAMEWORK_HEADER = YES;
				CLANG_WARN_RANGE_LOOP_ANALYSIS = YES;
				CLANG_WARN_STRICT_PROTOTYPES = YES;
				CLANG_WARN_SUSPICIOUS_MOVE = YES;
				CLANG_WARN_UNGUARDED_AVAILABILITY = YES_AGGRESSIVE;
				CLANG_WARN_UNREACHABLE_CODE = YES;
				CLANG_WARN__DUPLICATE_METHOD_MATCH = YES;
				COPY_PHASE_STRIP = NO;
				DEBUG_INFORMATION_FORMAT = dwarf;
				ENABLE_STRICT_OBJC_MSGSEND = YES;
				ENABLE_TESTABILITY = YES;
				GCC_C_LANGUAGE_STANDARD = gnu11;
				GCC_DYNAMIC_NO_PIC = NO;
				GCC_NO_COMMON_BLOCKS = YES;
				GCC_OPTIMIZATION_LEVEL = 0;
				GCC_PREPROCESSOR_DEFINITIONS = (
					"DEBUG=1",
					"$(inherited)",
				);
				GCC_WARN_64_TO_32_BIT_CONVERSION = YES;
				GCC_WARN_ABOUT_RETURN_TYPE = YES_ERROR;
				GCC_WARN_UNDECLARED_SELECTOR = YES;
				GCC_WARN_UNINITIALIZED_AUTOS = YES_AGGRESSIVE;
				GCC_WARN_UNUSED_FUNCTION = YES;
				GCC_WARN_UNUSED_VARIABLE = YES;
				IPHONEOS_DEPLOYMENT_TARGET = 13.0;
				MTL_ENABLE_DEBUG_INFO = INCLUDE_SOURCE;
				MTL_FAST_MATH = YES;
				ONLY_ACTIVE_ARCH = YES;
				SDKROOT = iphoneos;
				SWIFT_ACTIVE_COMPILATION_CONDITIONS = DEBUG;
				SWIFT_OPTIMIZATION_LEVEL = "-Onone";
			};
			name = Debug;
		};
		53924CB125EA210F0039EE4F /* Release */ = {
			isa = XCBuildConfiguration;
			buildSettings = {
				ALWAYS_SEARCH_USER_PATHS = NO;
				CLANG_ANALYZER_NONNULL = YES;
				CLANG_ANALYZER_NUMBER_OBJECT_CONVERSION = YES_AGGRESSIVE;
				CLANG_CXX_LANGUAGE_STANDARD = "gnu++14";
				CLANG_CXX_LIBRARY = "libc++";
				CLANG_ENABLE_MODULES = YES;
				CLANG_ENABLE_OBJC_ARC = YES;
				CLANG_ENABLE_OBJC_WEAK = YES;
				CLANG_WARN_BLOCK_CAPTURE_AUTORELEASING = YES;
				CLANG_WARN_BOOL_CONVERSION = YES;
				CLANG_WARN_COMMA = YES;
				CLANG_WARN_CONSTANT_CONVERSION = YES;
				CLANG_WARN_DEPRECATED_OBJC_IMPLEMENTATIONS = YES;
				CLANG_WARN_DIRECT_OBJC_ISA_USAGE = YES_ERROR;
				CLANG_WARN_DOCUMENTATION_COMMENTS = YES;
				CLANG_WARN_EMPTY_BODY = YES;
				CLANG_WARN_ENUM_CONVERSION = YES;
				CLANG_WARN_INFINITE_RECURSION = YES;
				CLANG_WARN_INT_CONVERSION = YES;
				CLANG_WARN_NON_LITERAL_NULL_CONVERSION = YES;
				CLANG_WARN_OBJC_IMPLICIT_RETAIN_SELF = YES;
				CLANG_WARN_OBJC_LITERAL_CONVERSION = YES;
				CLANG_WARN_OBJC_ROOT_CLASS = YES_ERROR;
				CLANG_WARN_QUOTED_INCLUDE_IN_FRAMEWORK_HEADER = YES;
				CLANG_WARN_RANGE_LOOP_ANALYSIS = YES;
				CLANG_WARN_STRICT_PROTOTYPES = YES;
				CLANG_WARN_SUSPICIOUS_MOVE = YES;
				CLANG_WARN_UNGUARDED_AVAILABILITY = YES_AGGRESSIVE;
				CLANG_WARN_UNREACHABLE_CODE = YES;
				CLANG_WARN__DUPLICATE_METHOD_MATCH = YES;
				COPY_PHASE_STRIP = NO;
				DEBUG_INFORMATION_FORMAT = "dwarf-with-dsym";
				ENABLE_NS_ASSERTIONS = NO;
				ENABLE_STRICT_OBJC_MSGSEND = YES;
				GCC_C_LANGUAGE_STANDARD = gnu11;
				GCC_NO_COMMON_BLOCKS = YES;
				GCC_WARN_64_TO_32_BIT_CONVERSION = YES;
				GCC_WARN_ABOUT_RETURN_TYPE = YES_ERROR;
				GCC_WARN_UNDECLARED_SELECTOR = YES;
				GCC_WARN_UNINITIALIZED_AUTOS = YES_AGGRESSIVE;
				GCC_WARN_UNUSED_FUNCTION = YES;
				GCC_WARN_UNUSED_VARIABLE = YES;
				IPHONEOS_DEPLOYMENT_TARGET = 13.0;
				MTL_ENABLE_DEBUG_INFO = NO;
				MTL_FAST_MATH = YES;
				SDKROOT = iphoneos;
				SWIFT_COMPILATION_MODE = wholemodule;
				SWIFT_OPTIMIZATION_LEVEL = "-O";
				VALIDATE_PRODUCT = YES;
			};
			name = Release;
		};
		53924CB325EA210F0039EE4F /* Debug */ = {
			isa = XCBuildConfiguration;
			baseConfigurationReference = 75E6E1C9F1258804E2B2C007 /* Pods-GitRepoList.debug.xcconfig */;
			buildSettings = {
				ASSETCATALOG_COMPILER_APPICON_NAME = AppIcon;
				ASSETCATALOG_COMPILER_GLOBAL_ACCENT_COLOR_NAME = AccentColor;
				CODE_SIGN_STYLE = Automatic;
				DEVELOPMENT_ASSET_PATHS = "\"GitRepoList/Preview Content\"";
				DEVELOPMENT_TEAM = 5FF7DL6Z6Q;
				ENABLE_PREVIEWS = YES;
				INFOPLIST_FILE = GitRepoList/Info.plist;
				IPHONEOS_DEPLOYMENT_TARGET = 14.0;
				LD_RUNPATH_SEARCH_PATHS = (
					"$(inherited)",
					"@executable_path/Frameworks",
				);
				PRODUCT_BUNDLE_IDENTIFIER = example.GitRepoList;
				PRODUCT_NAME = "$(TARGET_NAME)";
				SWIFT_VERSION = 5.0;
				TARGETED_DEVICE_FAMILY = "1,2";
			};
			name = Debug;
		};
		53924CB425EA210F0039EE4F /* Release */ = {
			isa = XCBuildConfiguration;
			baseConfigurationReference = 8FC381867278895728F5C5D0 /* Pods-GitRepoList.release.xcconfig */;
			buildSettings = {
				ASSETCATALOG_COMPILER_APPICON_NAME = AppIcon;
				ASSETCATALOG_COMPILER_GLOBAL_ACCENT_COLOR_NAME = AccentColor;
				CODE_SIGN_STYLE = Automatic;
				DEVELOPMENT_ASSET_PATHS = "\"GitRepoList/Preview Content\"";
				DEVELOPMENT_TEAM = 5FF7DL6Z6Q;
				ENABLE_PREVIEWS = YES;
				INFOPLIST_FILE = GitRepoList/Info.plist;
				IPHONEOS_DEPLOYMENT_TARGET = 14.0;
				LD_RUNPATH_SEARCH_PATHS = (
					"$(inherited)",
					"@executable_path/Frameworks",
				);
				PRODUCT_BUNDLE_IDENTIFIER = example.GitRepoList;
				PRODUCT_NAME = "$(TARGET_NAME)";
				SWIFT_VERSION = 5.0;
				TARGETED_DEVICE_FAMILY = "1,2";
			};
			name = Release;
		};
/* End XCBuildConfiguration section */

/* Begin XCConfigurationList section */
		53924C8325EA210D0039EE4F /* Build configuration list for PBXProject "GitRepoList" */ = {
			isa = XCConfigurationList;
			buildConfigurations = (
				53924CB025EA210F0039EE4F /* Debug */,
				53924CB125EA210F0039EE4F /* Release */,
			);
			defaultConfigurationIsVisible = 0;
			defaultConfigurationName = Release;
		};
		53924CB225EA210F0039EE4F /* Build configuration list for PBXNativeTarget "GitRepoList" */ = {
			isa = XCConfigurationList;
			buildConfigurations = (
				53924CB325EA210F0039EE4F /* Debug */,
				53924CB425EA210F0039EE4F /* Release */,
			);
			defaultConfigurationIsVisible = 0;
			defaultConfigurationName = Release;
		};
/* End XCConfigurationList section */

/* Begin XCVersionGroup section */
		53924C9625EA210F0039EE4F /* GitRepoList.xcdatamodeld */ = {
			isa = XCVersionGroup;
			children = (
				53924C9725EA210F0039EE4F /* GitRepoList.xcdatamodel */,
			);
			currentVersion = 53924C9725EA210F0039EE4F /* GitRepoList.xcdatamodel */;
			path = GitRepoList.xcdatamodeld;
			sourceTree = "<group>";
			versionGroupType = wrapper.xcdatamodel;
		};
/* End XCVersionGroup section */
	};
	rootObject = 53924C8025EA210D0039EE4F /* Project object */;
}
